
Microsoft Visual Studio Solution File, Format Version 12.00
# Visual Studio 15
VisualStudioVersion = 15.0.28307.779
MinimumVisualStudioVersion = 10.0.40219.1
Project("{FAE04EC0-301F-11D3-BF4B-00C04F79EFBC}") = "ICSI_Event", "ICSI_Event\ICSI_Event.csproj", "{76CAC39C-1910-4547-A1BE-CD83CC20FA62}"
EndProject
Project("{FAE04EC0-301F-11D3-BF4B-00C04F79EFBC}") = "PaymentGateway", "PaymentGateway\PaymentGateway.csproj", "{6C7E0349-93A4-48C8-BFB7-0C2922B1538E}"
EndProject
Global
	GlobalSection(SolutionConfigurationPlatforms) = preSolution
		Debug|Any CPU = Debug|Any CPU
		Release|Any CPU = Release|Any CPU
	EndGlobalSection
	GlobalSection(ProjectConfigurationPlatforms) = postSolution
		{76CAC39C-1910-4547-A1BE-CD83CC20FA62}.Debug|Any CPU.ActiveCfg = Debug|Any CPU
		{76CAC39C-1910-4547-A1BE-CD83CC20FA62}.Debug|Any CPU.Build.0 = Debug|Any CPU
		{76CAC39C-1910-4547-A1BE-CD83CC20FA62}.Release|Any CPU.ActiveCfg = Release|Any CPU
		{76CAC39C-1910-4547-A1BE-CD83CC20FA62}.Release|Any CPU.Build.0 = Release|Any CPU
		{6C7E0349-93A4-48C8-BFB7-0C2922B1538E}.Debug|Any CPU.ActiveCfg = Debug|Any CPU
		{6C7E0349-93A4-48C8-BFB7-0C2922B1538E}.Debug|Any CPU.Build.0 = Debug|Any CPU
		{6C7E0349-93A4-48C8-BFB7-0C2922B1538E}.Release|Any CPU.ActiveCfg = Release|Any CPU
		{6C7E0349-93A4-48C8-BFB7-0C2922B1538E}.Release|Any CPU.Build.0 = Release|Any CPU
	EndGlobalSection
	GlobalSection(SolutionProperties) = preSolution
		HideSolutionNode = FALSE
	EndGlobalSection
	GlobalSection(ExtensibilityGlobals) = postSolution
		SolutionGuid = {E0E6C49F-2879-45D9-9176-2C3CACBE87DA}
	EndGlobalSection
EndGlobal
