
Microsoft Visual Studio Solution File, Format Version 12.00
# Visual Studio 15
VisualStudioVersion = 15.0.28307.705
MinimumVisualStudioVersion = 10.0.40219.1
Project("{FAE04EC0-301F-11D3-BF4B-00C04F79EFBC}") = "MicroserviceDemoApp", "MicroserviceDemoApp\MicroserviceDemoApp.csproj", "{8A29783F-9387-4572-89A3-2AAFFA79895F}"
EndProject
Global
	GlobalSection(SolutionConfigurationPlatforms) = preSolution
		Debug|Any CPU = Debug|Any CPU
		Release|Any CPU = Release|Any CPU
	EndGlobalSection
	GlobalSection(ProjectConfigurationPlatforms) = postSolution
		{8A29783F-9387-4572-89A3-2AAFFA79895F}.Debug|Any CPU.ActiveCfg = Debug|Any CPU
		{8A29783F-9387-4572-89A3-2AAFFA79895F}.Debug|Any CPU.Build.0 = Debug|Any CPU
		{8A29783F-9387-4572-89A3-2AAFFA79895F}.Release|Any CPU.ActiveCfg = Release|Any CPU
		{8A29783F-9387-4572-89A3-2AAFFA79895F}.Release|Any CPU.Build.0 = Release|Any CPU
	EndGlobalSection
	GlobalSection(SolutionProperties) = preSolution
		HideSolutionNode = FALSE
	EndGlobalSection
	GlobalSection(ExtensibilityGlobals) = postSolution
		SolutionGuid = {7A6A4F5A-FA0E-49F3-BE4B-84C0A0C83E9E}
	EndGlobalSection
EndGlobal
