
Microsoft Visual Studio Solution File, Format Version 12.00
# Visual Studio 15
VisualStudioVersion = 15.0.28307.705
MinimumVisualStudioVersion = 10.0.40219.1
Project("{FAE04EC0-301F-11D3-BF4B-00C04F79EFBC}") = "ICSI-WebApp", "ICSI-WebApp\ICSI-WebApp.csproj", "{819B4559-05F1-471D-A495-6D38A7151E74}"
EndProject
Project("{FAE04EC0-301F-11D3-BF4B-00C04F79EFBC}") = "ICSI-Library", "..\ICSI-Library\ICSI-Library\ICSI-Library.csproj", "{1E7BA49C-82DA-4EBD-993A-ACF2FC713653}"
EndProject
Project("{FAE04EC0-301F-11D3-BF4B-00C04F79EFBC}") = "PaymentGateway", "PaymentGateway\PaymentGateway.csproj", "{C1B7E394-24EB-408F-B493-FF178BE6F105}"
EndProject
Global
	GlobalSection(SolutionConfigurationPlatforms) = preSolution
		Debug|Any CPU = Debug|Any CPU
		Release|Any CPU = Release|Any CPU
	EndGlobalSection
	GlobalSection(ProjectConfigurationPlatforms) = postSolution
		{819B4559-05F1-471D-A495-6D38A7151E74}.Debug|Any CPU.ActiveCfg = Debug|Any CPU
		{819B4559-05F1-471D-A495-6D38A7151E74}.Debug|Any CPU.Build.0 = Debug|Any CPU
		{819B4559-05F1-471D-A495-6D38A7151E74}.Release|Any CPU.ActiveCfg = Release|Any CPU
		{819B4559-05F1-471D-A495-6D38A7151E74}.Release|Any CPU.Build.0 = Release|Any CPU
		{1E7BA49C-82DA-4EBD-993A-ACF2FC713653}.Debug|Any CPU.ActiveCfg = Debug|Any CPU
		{1E7BA49C-82DA-4EBD-993A-ACF2FC713653}.Debug|Any CPU.Build.0 = Debug|Any CPU
		{1E7BA49C-82DA-4EBD-993A-ACF2FC713653}.Release|Any CPU.ActiveCfg = Release|Any CPU
		{1E7BA49C-82DA-4EBD-993A-ACF2FC713653}.Release|Any CPU.Build.0 = Release|Any CPU
		{C1B7E394-24EB-408F-B493-FF178BE6F105}.Debug|Any CPU.ActiveCfg = Debug|Any CPU
		{C1B7E394-24EB-408F-B493-FF178BE6F105}.Debug|Any CPU.Build.0 = Debug|Any CPU
		{C1B7E394-24EB-408F-B493-FF178BE6F105}.Release|Any CPU.ActiveCfg = Release|Any CPU
		{C1B7E394-24EB-408F-B493-FF178BE6F105}.Release|Any CPU.Build.0 = Release|Any CPU
	EndGlobalSection
	GlobalSection(SolutionProperties) = preSolution
		HideSolutionNode = FALSE
	EndGlobalSection
	GlobalSection(ExtensibilityGlobals) = postSolution
		SolutionGuid = {DFCB287B-C0FF-40FF-91E6-196D216C9652}
	EndGlobalSection
EndGlobal
