
Microsoft Visual Studio Solution File, Format Version 12.00
# Visual Studio 15
VisualStudioVersion = 15.0.28307.645
MinimumVisualStudioVersion = 10.0.40219.1
Project("{FAE04EC0-301F-11D3-BF4B-00C04F79EFBC}") = "PaymentGateway", "PaymentGateway\PaymentGateway.csproj", "{C074112F-2751-46E4-8112-73AF3FB31064}"
EndProject
Global
	GlobalSection(SolutionConfigurationPlatforms) = preSolution
		Debug|Any CPU = Debug|Any CPU
		Release|Any CPU = Release|Any CPU
	EndGlobalSection
	GlobalSection(ProjectConfigurationPlatforms) = postSolution
		{C074112F-2751-46E4-8112-73AF3FB31064}.Debug|Any CPU.ActiveCfg = Debug|Any CPU
		{C074112F-2751-46E4-8112-73AF3FB31064}.Debug|Any CPU.Build.0 = Debug|Any CPU
		{C074112F-2751-46E4-8112-73AF3FB31064}.Release|Any CPU.ActiveCfg = Release|Any CPU
		{C074112F-2751-46E4-8112-73AF3FB31064}.Release|Any CPU.Build.0 = Release|Any CPU
	EndGlobalSection
	GlobalSection(SolutionProperties) = preSolution
		HideSolutionNode = FALSE
	EndGlobalSection
	GlobalSection(ExtensibilityGlobals) = postSolution
		SolutionGuid = {AB7E87D8-4C8F-42B2-9C06-3FE66BE537BF}
	EndGlobalSection
EndGlobal
